
Microsoft Visual Studio Solution File, Format Version 11.00
# Visual Studio 2010
Project("{FAE04EC0-301F-11D3-BF4B-00C04F79EFBC}") = "Scripts", "Scripts\Scripts.csproj", "{5BF4DFAB-5196-4628-A729-A4D2DCE3CF54}"
EndProject
Project("{2150E333-8FDC-42A3-9474-1A3956D46DE8}") = "Packages", "Packages", "{2245AFD9-6A82-4FA3-BB55-478E4BDD6EC6}"
	ProjectSection(SolutionItems) = preProject
		Packages\geometry-pipelines.json = Packages\geometry-pipelines.json
		Packages\items.json = Packages\items.json
		Packages\resources.json = Packages\resources.json
		Packages\scripts.json = Packages\scripts.json
		Packages\terrain-resources.json = Packages\terrain-resources.json
	EndProjectSection
EndProject
Project("{2150E333-8FDC-42A3-9474-1A3956D46DE8}") = "Expressions", "Expressions", "{3794FABE-57C0-41F6-9FC3-C734B330CE58}"
	ProjectSection(SolutionItems) = preProject
		Expressions\Hills.json = Expressions\Hills.json
		Expressions\TreeDensity.json = Expressions\TreeDensity.json
		Expressions\GrassDensity.json = Expressions\GrassDensity.json
		Expressions\GrassDensity2.json = Expressions\GrassDensity2.json
		Expressions\HerbDensity.json = Expressions\HerbDensity.json
		Expressions\HerbDensity2.json = Expressions\HerbDensity2.json
		Expressions\Hills.json = Expressions\Hills.json
		Expressions\Perlin.json = Expressions\Perlin.json
		Expressions\TreeDensity.json = Expressions\TreeDensity.json
	EndProjectSection
EndProject
Project("{2150E333-8FDC-42A3-9474-1A3956D46DE8}") = "MaterialCollections", "MaterialCollections", "{C723C33C-2A85-4C6F-9557-00ED0AC5F824}"
	ProjectSection(SolutionItems) = preProject
		MaterialCollections\materials.mat = MaterialCollections\materials.mat
		MaterialCollections\item-materials.mat = MaterialCollections\item-materials.mat
		MaterialCollections\terrain-materials.mat = MaterialCollections\terrain-materials.mat
	EndProjectSection
EndProject
Project("{2150E333-8FDC-42A3-9474-1A3956D46DE8}") = "Solution Items", "Solution Items", "{F64BB5CD-2C7D-48B9-8C6E-DF452740E4D1}"
	ProjectSection(SolutionItems) = preProject
		manifest.json = manifest.json
		htdocs\index.html = htdocs\index.html
	EndProjectSection
EndProject
Project("{2150E333-8FDC-42A3-9474-1A3956D46DE8}") = "Shaders", "Shaders", "{AD0A6DBF-2CAC-4D84-8BD7-C7F138A8801D}"
EndProject
Project("{2150E333-8FDC-42A3-9474-1A3956D46DE8}") = "htdocs", "htdocs", "{C46CDCE0-655B-45E8-AE57-0E8C34023B12}"
	ProjectSection(SolutionItems) = preProject
		htdocs\IngameGui.css = htdocs\IngameGui.css
		htdocs\IngameGui.js = htdocs\IngameGui.js
		htdocs\IngameGui.html = htdocs\IngameGui.html
		htdocs\SplashScreen.html = htdocs\SplashScreen.html
		htdocs\MainMenu.html = htdocs\MainMenu.html
		htdocs\Credits.html = htdocs\Credits.html
		htdocs\Controls.html = htdocs\Controls.html
		htdocs\Settings.html = htdocs\Settings.html
	EndProjectSection
EndProject
Project("{2150E333-8FDC-42A3-9474-1A3956D46DE8}") = "Automata", "Automata", "{3FAB2059-F76F-4A4E-8D78-E8A8C5A713D7}"
	ProjectSection(SolutionItems) = preProject
		Automata\LedgeSpawner.ca = Automata\LedgeSpawner.ca
		Automata\Surface.ca = Automata\Surface.ca
		Automata\Trees.ca = Automata\Trees.ca
	EndProjectSection
EndProject
Global
	GlobalSection(SolutionConfigurationPlatforms) = preSolution
		Debug|x86 = Debug|x86
		Release|x86 = Release|x86
	EndGlobalSection
	GlobalSection(ProjectConfigurationPlatforms) = postSolution
		{5BF4DFAB-5196-4628-A729-A4D2DCE3CF54}.Debug|x86.ActiveCfg = Debug|x86
		{5BF4DFAB-5196-4628-A729-A4D2DCE3CF54}.Debug|x86.Build.0 = Debug|x86
		{5BF4DFAB-5196-4628-A729-A4D2DCE3CF54}.Release|x86.ActiveCfg = Release|x86
		{5BF4DFAB-5196-4628-A729-A4D2DCE3CF54}.Release|x86.Build.0 = Release|x86
	EndGlobalSection
	GlobalSection(NestedProjects) = preSolution
	EndGlobalSection
	GlobalSection(MonoDevelopProperties) = preSolution
		StartupItem = Scripts\Scripts.csproj
		Policies = $0
		$0.TextStylePolicy = $1
		$1.inheritsSet = null
		$1.scope = text/x-csharp
		$0.CSharpFormattingPolicy = $2
		$2.AnonymousMethodBraceStyle = NextLine
		$2.PropertyBraceStyle = NextLine
		$2.EventBraceStyle = NextLine
		$2.BeforeMethodDeclarationParentheses = False
		$2.BeforeMethodCallParentheses = False
		$2.BeforeConstructorDeclarationParentheses = False
		$2.BeforeIndexerDeclarationBracket = False
		$2.BeforeDelegateDeclarationParentheses = False
		$2.NewParentheses = False
		$2.IfParentheses = False
		$2.WhileParentheses = False
		$2.ForParentheses = False
		$2.ForeachParentheses = False
		$2.CatchParentheses = False
		$2.SwitchParentheses = False
		$2.LockParentheses = False
		$2.UsingParentheses = False
		$2.SpacesBeforeBrackets = False
		$2.inheritsSet = Mono
		$2.inheritsScope = text/x-csharp
		$2.scope = text/x-csharp
	EndGlobalSection
EndGlobal
